{
    "_readme": [
        "This file locks the dependencies of your project to a known state",
        "Read more about it at http://getcomposer.org/doc/01-basic-usage.md#composer-lock-the-lock-file",
        "This file is @generated automatically"
    ],
    "hash": "25ce83acc5c8dd20a378eff27386d4d0",
    "packages": [
        {
            "name": "drupal/phing-drush-task",
            "version": "1.0",
            "source": {
                "type": "git",
                "url": "http://git.drupal.org/project/phingdrushtask.git",
                "reference": "7.x-1.0"
            },
            "type": "library",
            "autoload": {
                "classmap": [
                    "DrushTask.php"
                ]
            },
            "include-path": [
                "."
            ]
        },
        {
            "name": "drush/drush",
            "version": "6.5.0",
            "source": {
                "type": "git",
                "url": "https://github.com/drush-ops/drush.git",
                "reference": "0a7918a36eb730046493e04538772c612445fa12"
            },
            "dist": {
                "type": "zip",
                "url": "https://api.github.com/repos/drush-ops/drush/zipball/0a7918a36eb730046493e04538772c612445fa12",
                "reference": "0a7918a36eb730046493e04538772c612445fa12",
                "shasum": ""
            },
            "require": {
                "php": ">=5.3.0"
            },
            "require-dev": {
                "phpunit/phpunit": ">=3.5"
            },
            "bin": [
                "drush",
                "drush.php",
                "drush.bat",
                "drush.complete.sh"
            ],
            "type": "library",
            "notification-url": "https://packagist.org/downloads/",
            "license": [
                "GPL-2.0+"
            ],
            "authors": [
                {
                    "name": "Moshe Weitzman",
                    "email": "weitzman@tejasa.com"
                },
                {
                    "name": "Owen Barton",
                    "email": "drupal@owenbarton.com"
                },
                {
                    "name": "Mark Sonnabaum",
                    "email": "marksonnabaum@gmail.com"
                },
                {
                    "name": "Antoine Beaupré",
                    "email": "anarcat@koumbit.org"
                },
                {
                    "name": "Greg Anderson",
                    "email": "greg.1.anderson@greenknowe.org"
                },
                {
                    "name": "Jonathan Araña Cruz",
                    "email": "jonhattan@faita.net"
                },
                {
                    "name": "Jonathan Hedstrom",
                    "email": "jhedstrom@gmail.com"
                }
            ],
            "description": "Drush is a command line shell and scripting interface for Drupal, a veritable Swiss Army knife designed to make life easier for those of us who spend some of our working hours hacking away at the command prompt.",
            "homepage": "http://www.drush.org",
            "time": "2014-11-18 04:09:24"
        },
        {
            "name": "facebook/php-sdk-v4",
            "version": "4.0.12",
            "source": {
                "type": "git",
                "url": "https://github.com/facebook/facebook-php-sdk-v4.git",
                "reference": "0683838b6966446b2cbef841f01f1d447ae7a5f9"
            },
            "dist": {
                "type": "zip",
                "url": "https://api.github.com/repos/facebook/facebook-php-sdk-v4/zipball/0683838b6966446b2cbef841f01f1d447ae7a5f9",
                "reference": "0683838b6966446b2cbef841f01f1d447ae7a5f9",
                "shasum": ""
            },
            "require": {
                "php": ">=5.4.0"
            },
            "require-dev": {
                "guzzlehttp/guzzle": "~4.0",
                "mockery/mockery": "dev-master",
                "phpunit/phpunit": "3.7.*"
            },
            "suggest": {
                "guzzlehttp/guzzle": "Allows for implementation of the Guzzle HTTP client"
            },
            "type": "library",
            "autoload": {
                "psr-4": {
                    "Facebook\\": "src/Facebook/"
                }
            },
            "notification-url": "https://packagist.org/downloads/",
            "license": [
                "Facebook Platform"
            ],
            "authors": [
                {
                    "name": "Facebook",
                    "homepage": "https://github.com/facebook/facebook-php-sdk-v4/contributors"
                }
            ],
            "description": "Facebook SDK for PHP",
            "homepage": "https://github.com/facebook/facebook-php-sdk-v4",
            "keywords": [
                "facebook",
                "sdk"
            ],
            "time": "2014-10-30 23:02:36"
        },
        {
            "name": "guzzlehttp/guzzle",
            "version": "4.2.3",
            "source": {
                "type": "git",
                "url": "https://github.com/guzzle/guzzle.git",
                "reference": "66fd916e9f9130bc22c51450476823391cb2f67c"
            },
            "dist": {
                "type": "zip",
                "url": "https://api.github.com/repos/guzzle/guzzle/zipball/66fd916e9f9130bc22c51450476823391cb2f67c",
                "reference": "66fd916e9f9130bc22c51450476823391cb2f67c",
                "shasum": ""
            },
            "require": {
                "ext-json": "*",
                "guzzlehttp/streams": "~2.1",
                "php": ">=5.4.0"
            },
            "require-dev": {
                "ext-curl": "*",
                "phpunit/phpunit": "~4.0",
                "psr/log": "~1.0"
            },
            "suggest": {
                "ext-curl": "Guzzle will use specific adapters if cURL is present"
            },
            "type": "library",
            "extra": {
                "branch-alias": {
                    "dev-master": "4.2-dev"
                }
            },
            "autoload": {
                "psr-4": {
                    "GuzzleHttp\\": "src/"
                },
                "files": [
                    "src/functions.php"
                ]
            },
            "notification-url": "https://packagist.org/downloads/",
            "license": [
                "MIT"
            ],
            "authors": [
                {
                    "name": "Michael Dowling",
                    "email": "mtdowling@gmail.com",
                    "homepage": "https://github.com/mtdowling"
                }
            ],
            "description": "Guzzle is a PHP HTTP client library and framework for building RESTful web service clients",
            "homepage": "http://guzzlephp.org/",
            "keywords": [
                "client",
                "curl",
                "framework",
                "http",
                "http client",
                "rest",
                "web service"
            ],
            "time": "2014-10-05 19:29:14"
        },
        {
            "name": "guzzlehttp/streams",
            "version": "2.1.0",
            "source": {
                "type": "git",
                "url": "https://github.com/guzzle/streams.git",
                "reference": "f91b721d73f0e561410903b3b3c90a5d0e40b534"
            },
            "dist": {
                "type": "zip",
                "url": "https://api.github.com/repos/guzzle/streams/zipball/f91b721d73f0e561410903b3b3c90a5d0e40b534",
                "reference": "f91b721d73f0e561410903b3b3c90a5d0e40b534",
                "shasum": ""
            },
            "require": {
                "php": ">=5.4.0"
            },
            "require-dev": {
                "phpunit/phpunit": "~4.0"
            },
            "type": "library",
            "extra": {
                "branch-alias": {
                    "dev-master": "2.0-dev"
                }
            },
            "autoload": {
                "psr-4": {
                    "GuzzleHttp\\Stream\\": "src/"
                },
                "files": [
                    "src/functions.php"
                ]
            },
            "notification-url": "https://packagist.org/downloads/",
            "license": [
                "MIT"
            ],
            "authors": [
                {
                    "name": "Michael Dowling",
                    "email": "mtdowling@gmail.com",
                    "homepage": "https://github.com/mtdowling"
                }
            ],
            "description": "Provides a simple abstraction over streams of data (Guzzle 4+)",
            "homepage": "http://guzzlephp.org/",
            "keywords": [
                "Guzzle",
                "stream"
            ],
            "time": "2014-08-17 21:15:53"
        },
        {
            "name": "leafo/lessphp",
            "version": "v0.5.0",
            "source": {
                "type": "git",
                "url": "https://github.com/leafo/lessphp.git",
                "reference": "0f5a7f5545d2bcf4e9fad9a228c8ad89cc9aa283"
            },
            "dist": {
                "type": "zip",
                "url": "https://api.github.com/repos/leafo/lessphp/zipball/0f5a7f5545d2bcf4e9fad9a228c8ad89cc9aa283",
                "reference": "0f5a7f5545d2bcf4e9fad9a228c8ad89cc9aa283",
                "shasum": ""
            },
            "type": "library",
            "extra": {
                "branch-alias": {
                    "dev-master": "0.4.x-dev"
                }
            },
            "autoload": {
                "classmap": [
                    "lessc.inc.php"
                ]
            },
            "notification-url": "https://packagist.org/downloads/",
            "license": [
                "MIT",
                "GPL-3.0"
            ],
            "authors": [
                {
                    "name": "Leaf Corcoran",
                    "email": "leafot@gmail.com",
                    "homepage": "http://leafo.net"
                }
            ],
            "description": "lessphp is a compiler for LESS written in PHP.",
            "homepage": "http://leafo.net/lessphp/",
            "time": "2014-11-24 18:39:20"
        },
        {
            "name": "pdepend/pdepend",
            "version": "1.1.3",
            "source": {
                "type": "git",
                "url": "https://github.com/pdepend/pdepend.git",
                "reference": "1537f19d62d7b30c13ac173270106df7c6b9c459"
            },
            "dist": {
                "type": "zip",
                "url": "https://api.github.com/repos/pdepend/pdepend/zipball/1537f19d62d7b30c13ac173270106df7c6b9c459",
                "reference": "1537f19d62d7b30c13ac173270106df7c6b9c459",
                "shasum": ""
            },
            "require": {
                "php": ">=5.2.3"
            },
            "bin": [
                "src/bin/pdepend"
            ],
            "type": "library",
            "autoload": {
                "psr-0": {
                    "PHP_": "src/main/php/"
                }
            },
            "notification-url": "https://packagist.org/downloads/",
            "license": [
                "BSD-3-Clause"
            ],
            "description": "Official version of pdepend to be handled with Composer",
            "time": "2013-12-04 17:46:00"
        },
        {
            "name": "phing/phing",
            "version": "2.7.0",
            "source": {
                "type": "git",
                "url": "https://github.com/phingofficial/phing.git",
                "reference": "bd2689790c620ac745b3ad29765c641a0dd5d007"
            },
            "dist": {
                "type": "zip",
                "url": "https://api.github.com/repos/phingofficial/phing/zipball/bd2689790c620ac745b3ad29765c641a0dd5d007",
                "reference": "bd2689790c620ac745b3ad29765c641a0dd5d007",
                "shasum": ""
            },
            "require": {
                "php": ">=5.2.0"
            },
            "bin": [
                "bin/phing"
            ],
            "type": "library",
            "autoload": {
                "classmap": [
                    "classes/phing/"
                ]
            },
            "notification-url": "https://packagist.org/downloads/",
            "include-path": [
                "classes"
            ],
            "license": [
                "LGPL3"
            ],
            "authors": [
                {
                    "name": "Michiel Rook",
                    "email": "mrook@php.net",
                    "role": "Lead"
                },
                {
                    "name": "Phing Community",
                    "homepage": "http://www.phing.info/trac/wiki/Development/Contributors"
                }
            ],
            "description": "PHing Is Not GNU make; it's a PHP project build system or build tool based on Apache Ant.",
            "homepage": "http://www.phing.info/",
            "keywords": [
                "build",
                "task",
                "tool"
            ],
            "time": "2014-02-13 13:17:59"
        },
        {
            "name": "phpmd/phpmd",
            "version": "1.5.1",
            "source": {
                "type": "git",
                "url": "https://github.com/phpmd/phpmd.git",
                "reference": "f2d47500f4c5f80ee442d95829c62c2ece2bbeb6"
            },
            "dist": {
                "type": "zip",
                "url": "https://api.github.com/repos/phpmd/phpmd/zipball/f2d47500f4c5f80ee442d95829c62c2ece2bbeb6",
                "reference": "f2d47500f4c5f80ee442d95829c62c2ece2bbeb6",
                "shasum": ""
            },
            "require": {
                "pdepend/pdepend": "1.1.*",
                "php": ">=5.3.0"
            },
            "require-dev": {
                "phpunit/phpunit": "3.*@stable",
                "squizlabs/php_codesniffer": "@stable"
            },
            "bin": [
                "src/bin/phpmd"
            ],
            "type": "library",
            "notification-url": "https://packagist.org/downloads/",
            "include-path": [
                "../../pdepend/pdepend/src/main/php",
                "src/main/php"
            ],
            "license": [
                "BSD-3-Clause"
            ],
            "description": "Official version of PHPMD handled with Composer.",
            "time": "2014-09-16 14:26:49"
        },
        {
            "name": "psr/log",
            "version": "dev-master",
            "source": {
                "type": "git",
                "url": "https://github.com/php-fig/log.git",
                "reference": "a78d6504ff5d4367497785ab2ade91db3a9fbe11"
            },
            "dist": {
                "type": "zip",
                "url": "https://api.github.com/repos/php-fig/log/zipball/a78d6504ff5d4367497785ab2ade91db3a9fbe11",
                "reference": "a78d6504ff5d4367497785ab2ade91db3a9fbe11",
                "shasum": ""
            },
            "type": "library",
            "extra": {
                "branch-alias": {
                    "dev-master": "1.0.x-dev"
                }
            },
            "autoload": {
                "psr-0": {
                    "Psr\\Log\\": ""
                }
            },
            "notification-url": "https://packagist.org/downloads/",
            "license": [
                "MIT"
            ],
            "authors": [
                {
                    "name": "PHP-FIG",
                    "homepage": "http://www.php-fig.org/"
                }
            ],
            "description": "Common interface for logging libraries",
            "keywords": [
                "log",
                "psr",
                "psr-3"
            ],
            "time": "2014-01-18 15:33:09"
        },
        {
            "name": "squizlabs/php_codesniffer",
            "version": "1.5.5",
            "source": {
                "type": "git",
                "url": "https://github.com/squizlabs/PHP_CodeSniffer.git",
                "reference": "5d973e59cf58a0c847f298de84374c96b42b17b3"
            },
            "dist": {
                "type": "zip",
                "url": "https://api.github.com/repos/squizlabs/PHP_CodeSniffer/zipball/5d973e59cf58a0c847f298de84374c96b42b17b3",
                "reference": "5d973e59cf58a0c847f298de84374c96b42b17b3",
                "shasum": ""
            },
            "require": {
                "ext-tokenizer": "*",
                "php": ">=5.1.2"
            },
            "suggest": {
                "phpunit/php-timer": "dev-master"
            },
            "bin": [
                "scripts/phpcs"
            ],
            "type": "library",
            "extra": {
                "branch-alias": {
                    "dev-phpcs-fixer": "2.0.x-dev"
                }
            },
            "autoload": {
                "classmap": [
                    "CodeSniffer.php",
                    "CodeSniffer/CLI.php",
                    "CodeSniffer/Exception.php",
                    "CodeSniffer/File.php",
                    "CodeSniffer/Report.php",
                    "CodeSniffer/Reporting.php",
                    "CodeSniffer/Sniff.php",
                    "CodeSniffer/Tokens.php",
                    "CodeSniffer/Reports/",
                    "CodeSniffer/CommentParser/",
                    "CodeSniffer/Tokenizers/",
                    "CodeSniffer/DocGenerators/",
                    "CodeSniffer/Standards/AbstractPatternSniff.php",
                    "CodeSniffer/Standards/AbstractScopeSniff.php",
                    "CodeSniffer/Standards/AbstractVariableSniff.php",
                    "CodeSniffer/Standards/IncorrectPatternException.php",
                    "CodeSniffer/Standards/Generic/Sniffs/",
                    "CodeSniffer/Standards/MySource/Sniffs/",
                    "CodeSniffer/Standards/PEAR/Sniffs/",
                    "CodeSniffer/Standards/PSR1/Sniffs/",
                    "CodeSniffer/Standards/PSR2/Sniffs/",
                    "CodeSniffer/Standards/Squiz/Sniffs/",
                    "CodeSniffer/Standards/Zend/Sniffs/"
                ]
            },
            "notification-url": "https://packagist.org/downloads/",
            "license": [
                "BSD-3-Clause"
            ],
            "authors": [
                {
                    "name": "Greg Sherwood",
                    "role": "lead"
                }
            ],
            "description": "PHP_CodeSniffer tokenises PHP, JavaScript and CSS files and detects violations of a defined set of coding standards.",
            "homepage": "http://www.squizlabs.com/php-codesniffer",
            "keywords": [
                "phpcs",
                "standards"
            ],
            "time": "2014-09-25 03:33:46"
        },
        {
            "name": "swiftmailer/swiftmailer",
            "version": "v5.3.0",
            "source": {
                "type": "git",
                "url": "https://github.com/swiftmailer/swiftmailer.git",
                "reference": "b86b927dfefdb56ab0b22d1350033d9a38e9f205"
            },
            "dist": {
                "type": "zip",
                "url": "https://api.github.com/repos/swiftmailer/swiftmailer/zipball/b86b927dfefdb56ab0b22d1350033d9a38e9f205",
                "reference": "b86b927dfefdb56ab0b22d1350033d9a38e9f205",
                "shasum": ""
            },
            "require": {
                "php": ">=5.3.3"
            },
            "require-dev": {
                "mockery/mockery": "~0.9.1"
            },
            "type": "library",
            "extra": {
                "branch-alias": {
                    "dev-master": "5.3-dev"
                }
            },
            "autoload": {
                "files": [
                    "lib/swift_required.php"
                ]
            },
            "notification-url": "https://packagist.org/downloads/",
            "license": [
                "MIT"
            ],
            "authors": [
                {
                    "name": "Chris Corbyn"
                },
                {
                    "name": "Fabien Potencier",
                    "email": "fabien@symfony.com"
                }
            ],
            "description": "Swiftmailer, free feature-rich PHP mailer",
            "homepage": "http://swiftmailer.org",
            "keywords": [
                "mail",
                "mailer"
            ],
            "time": "2014-10-04 05:53:18"
        },
        {
            "name": "zendframework/zend-memory",
            "version": "2.3.3",
            "target-dir": "Zend/Memory",
            "source": {
                "type": "git",
                "url": "https://github.com/zendframework/Component_ZendMemory.git",
                "reference": "425d6f9ea833dd5c232269dc970e2a1ca3694391"
            },
            "dist": {
                "type": "zip",
                "url": "https://api.github.com/repos/zendframework/Component_ZendMemory/zipball/425d6f9ea833dd5c232269dc970e2a1ca3694391",
                "reference": "425d6f9ea833dd5c232269dc970e2a1ca3694391",
                "shasum": ""
            },
            "require": {
                "php": ">=5.3.23"
            },
            "require-dev": {
                "zendframework/zend-cache": "self.version"
            },
            "suggest": {
                "zendframework/zend-cache": "To support swap the memory objects"
            },
            "type": "library",
            "extra": {
                "branch-alias": {
                    "dev-master": "2.3-dev",
                    "dev-develop": "2.4-dev"
                }
            },
            "autoload": {
                "psr-0": {
                    "Zend\\Memory\\": ""
                }
            },
            "notification-url": "https://packagist.org/downloads/",
            "license": [
                "BSD-3-Clause"
            ],
            "homepage": "https://github.com/zendframework/zf2",
            "keywords": [
                "memory",
                "zf2"
            ],
            "time": "2014-09-16 22:58:11"
        },
        {
            "name": "zendframework/zend-stdlib",
            "version": "2.3.3",
            "target-dir": "Zend/Stdlib",
            "source": {
                "type": "git",
                "url": "https://github.com/zendframework/Component_ZendStdlib.git",
                "reference": "fa33e6647f830d0d2a1cb451efcdfe1bb9a66c33"
            },
            "dist": {
                "type": "zip",
                "url": "https://api.github.com/repos/zendframework/Component_ZendStdlib/zipball/fa33e6647f830d0d2a1cb451efcdfe1bb9a66c33",
                "reference": "fa33e6647f830d0d2a1cb451efcdfe1bb9a66c33",
                "shasum": ""
            },
            "require": {
                "php": ">=5.3.23"
            },
            "require-dev": {
                "zendframework/zend-eventmanager": "self.version",
                "zendframework/zend-serializer": "self.version",
                "zendframework/zend-servicemanager": "self.version"
            },
            "suggest": {
                "zendframework/zend-eventmanager": "To support aggregate hydrator usage",
                "zendframework/zend-serializer": "Zend\\Serializer component",
                "zendframework/zend-servicemanager": "To support hydrator plugin manager usage"
            },
            "type": "library",
            "extra": {
                "branch-alias": {
                    "dev-master": "2.3-dev",
                    "dev-develop": "2.4-dev"
                }
            },
            "autoload": {
                "psr-0": {
                    "Zend\\Stdlib\\": ""
                }
            },
            "notification-url": "https://packagist.org/downloads/",
            "license": [
                "BSD-3-Clause"
            ],
            "homepage": "https://github.com/zendframework/zf2",
            "keywords": [
                "stdlib",
                "zf2"
            ],
            "time": "2014-09-16 22:58:11"
        },
        {
            "name": "zendframework/zendpdf",
            "version": "2.0.2",
            "source": {
                "type": "git",
                "url": "https://github.com/zendframework/ZendPdf.git",
                "reference": "041f90c339cff63a3c4d03a28ef1ea5188059793"
            },
            "dist": {
                "type": "zip",
                "url": "https://api.github.com/repos/zendframework/ZendPdf/zipball/041f90c339cff63a3c4d03a28ef1ea5188059793",
                "reference": "041f90c339cff63a3c4d03a28ef1ea5188059793",
                "shasum": ""
            },
            "require": {
                "php": ">=5.3.3",
                "zendframework/zend-memory": ">=2.0.0",
                "zendframework/zend-stdlib": ">=2.0.0"
            },
            "type": "library",
            "extra": {
                "branch-alias": {
                    "dev-master": "2.0.x-dev"
                }
            },
            "autoload": {
                "psr-0": {
                    "ZendPdf\\": "library/"
                }
            },
            "notification-url": "https://packagist.org/downloads/",
            "license": [
                "BSD-3-Clause"
            ],
            "description": "Zend Pdf Component",
            "homepage": "http://packages.zendframework.com/",
            "keywords": [
                "pdf",
                "zf2"
            ],
            "time": "2012-11-16 11:16:01"
        }
    ],
    "packages-dev": [],
    "aliases": [],
    "minimum-stability": "stable",
    "stability-flags": {
        "psr/log": 20,
        "leafo/lessphp": 20
    },
    "prefer-stable": false,
    "platform": [],
    "platform-dev": []
}
